{
  "name": "drop-easy",
  "version": "1.0.0-alpha.1",
  "lockfileVersion": 1,
  "requires": true,
  "dependencies": {
    "drhj-utils": {
      "version": "1.1.16",
      "resolved": "https://registry.npmjs.org/drhj-utils/-/drhj-utils-1.1.16.tgz",
      "integrity": "sha1-NdVUe8FL6Olv0oA+PqTBTAXGQKM=",
      "requires": {
        "jquery": "3.3.1"
      }
    },
    "jquery": {
      "version": "3.3.1",
      "resolved": "https://registry.npmjs.org/jquery/-/jquery-3.3.1.tgz",
      "integrity": "sha512-Ubldcmxp5np52/ENotGxlLe6aGMvmF4R8S6tZjsP6Knsaxd/xp3Zrh50cG93lR6nPXyUFwzN3ZSOQI0wRJNdGg=="
    }
  }
}
